
Microsoft Visual Studio Solution File, Format Version 12.00
# Visual Studio Version 16
VisualStudioVersion = 16.0.30011.22
MinimumVisualStudioVersion = 10.0.40219.1
Project("{9A19103F-16F7-4668-BE54-9A1E7A4F7556}") = "cisep", "cisep\cisep.csproj", "{30906D4B-6160-4D1E-93FC-8261753D340D}"
EndProject
Global
	GlobalSection(SolutionConfigurationPlatforms) = preSolution
		Debug|Any CPU = Debug|Any CPU
		Release|Any CPU = Release|Any CPU
	EndGlobalSection
	GlobalSection(ProjectConfigurationPlatforms) = postSolution
		{30906D4B-6160-4D1E-93FC-8261753D340D}.Debug|Any CPU.ActiveCfg = Debug|Any CPU
		{30906D4B-6160-4D1E-93FC-8261753D340D}.Debug|Any CPU.Build.0 = Debug|Any CPU
		{30906D4B-6160-4D1E-93FC-8261753D340D}.Release|Any CPU.ActiveCfg = Release|Any CPU
		{30906D4B-6160-4D1E-93FC-8261753D340D}.Release|Any CPU.Build.0 = Release|Any CPU
	EndGlobalSection
	GlobalSection(SolutionProperties) = preSolution
		HideSolutionNode = FALSE
	EndGlobalSection
	GlobalSection(ExtensibilityGlobals) = postSolution
		SolutionGuid = {7CB4D372-BC55-45D5-A8EF-0F8543B51453}
	EndGlobalSection
EndGlobal
